
Microsoft Visual Studio Solution File, Format Version 12.00
# Visual Studio Version 16
VisualStudioVersion = 16.0.29306.81
MinimumVisualStudioVersion = 10.0.40219.1
Project("{FAE04EC0-301F-11D3-BF4B-00C04F79EFBC}") = "app.UWP", "app\app.UWP\app.UWP.csproj", "{C79FE4DC-C523-4320-AAC4-3B577331E345}"
EndProject
Project("{FAE04EC0-301F-11D3-BF4B-00C04F79EFBC}") = "app.Android", "app\app.Android\app.Android.csproj", "{0D44E04D-8FDD-4C9B-9642-C2B1325DCCEF}"
EndProject
Project("{FAE04EC0-301F-11D3-BF4B-00C04F79EFBC}") = "app.iOS", "app\app.iOS\app.iOS.csproj", "{9934DFD4-B8DE-47CE-8152-76B862432CE1}"
EndProject
Project("{9A19103F-16F7-4668-BE54-9A1E7A4F7556}") = "app", "app\app\app.csproj", "{9D333ACE-0248-4A43-AF09-21E1A716D64C}"
EndProject
Global
	GlobalSection(SolutionConfigurationPlatforms) = preSolution
		Debug|Any CPU = Debug|Any CPU
		Debug|ARM = Debug|ARM
		Debug|iPhone = Debug|iPhone
		Debug|iPhoneSimulator = Debug|iPhoneSimulator
		Debug|x64 = Debug|x64
		Debug|x86 = Debug|x86
		Release|Any CPU = Release|Any CPU
		Release|ARM = Release|ARM
		Release|iPhone = Release|iPhone
		Release|iPhoneSimulator = Release|iPhoneSimulator
		Release|x64 = Release|x64
		Release|x86 = Release|x86
	EndGlobalSection
	GlobalSection(ProjectConfigurationPlatforms) = postSolution
		{C79FE4DC-C523-4320-AAC4-3B577331E345}.Debug|Any CPU.ActiveCfg = Debug|x86
		{C79FE4DC-C523-4320-AAC4-3B577331E345}.Debug|Any CPU.Build.0 = Debug|x86
		{C79FE4DC-C523-4320-AAC4-3B577331E345}.Debug|Any CPU.Deploy.0 = Debug|x86
		{C79FE4DC-C523-4320-AAC4-3B577331E345}.Debug|ARM.ActiveCfg = Debug|ARM
		{C79FE4DC-C523-4320-AAC4-3B577331E345}.Debug|ARM.Build.0 = Debug|ARM
		{C79FE4DC-C523-4320-AAC4-3B577331E345}.Debug|ARM.Deploy.0 = Debug|ARM
		{C79FE4DC-C523-4320-AAC4-3B577331E345}.Debug|iPhone.ActiveCfg = Debug|x86
		{C79FE4DC-C523-4320-AAC4-3B577331E345}.Debug|iPhone.Build.0 = Debug|x86
		{C79FE4DC-C523-4320-AAC4-3B577331E345}.Debug|iPhone.Deploy.0 = Debug|x86
		{C79FE4DC-C523-4320-AAC4-3B577331E345}.Debug|iPhoneSimulator.ActiveCfg = Debug|x86
		{C79FE4DC-C523-4320-AAC4-3B577331E345}.Debug|iPhoneSimulator.Build.0 = Debug|x86
		{C79FE4DC-C523-4320-AAC4-3B577331E345}.Debug|iPhoneSimulator.Deploy.0 = Debug|x86
		{C79FE4DC-C523-4320-AAC4-3B577331E345}.Debug|x64.ActiveCfg = Debug|x64
		{C79FE4DC-C523-4320-AAC4-3B577331E345}.Debug|x64.Build.0 = Debug|x64
		{C79FE4DC-C523-4320-AAC4-3B577331E345}.Debug|x64.Deploy.0 = Debug|x64
		{C79FE4DC-C523-4320-AAC4-3B577331E345}.Debug|x86.ActiveCfg = Debug|x86
		{C79FE4DC-C523-4320-AAC4-3B577331E345}.Debug|x86.Build.0 = Debug|x86
		{C79FE4DC-C523-4320-AAC4-3B577331E345}.Debug|x86.Deploy.0 = Debug|x86
		{C79FE4DC-C523-4320-AAC4-3B577331E345}.Release|Any CPU.ActiveCfg = Release|x86
		{C79FE4DC-C523-4320-AAC4-3B577331E345}.Release|Any CPU.Build.0 = Release|x86
		{C79FE4DC-C523-4320-AAC4-3B577331E345}.Release|Any CPU.Deploy.0 = Release|x86
		{C79FE4DC-C523-4320-AAC4-3B577331E345}.Release|ARM.ActiveCfg = Release|ARM
		{C79FE4DC-C523-4320-AAC4-3B577331E345}.Release|ARM.Build.0 = Release|ARM
		{C79FE4DC-C523-4320-AAC4-3B577331E345}.Release|ARM.Deploy.0 = Release|ARM
		{C79FE4DC-C523-4320-AAC4-3B577331E345}.Release|iPhone.ActiveCfg = Release|x86
		{C79FE4DC-C523-4320-AAC4-3B577331E345}.Release|iPhone.Build.0 = Release|x86
		{C79FE4DC-C523-4320-AAC4-3B577331E345}.Release|iPhone.Deploy.0 = Release|x86
		{C79FE4DC-C523-4320-AAC4-3B577331E345}.Release|iPhoneSimulator.ActiveCfg = Release|x86
		{C79FE4DC-C523-4320-AAC4-3B577331E345}.Release|iPhoneSimulator.Build.0 = Release|x86
		{C79FE4DC-C523-4320-AAC4-3B577331E345}.Release|iPhoneSimulator.Deploy.0 = Release|x86
		{C79FE4DC-C523-4320-AAC4-3B577331E345}.Release|x64.ActiveCfg = Release|x64
		{C79FE4DC-C523-4320-AAC4-3B577331E345}.Release|x64.Build.0 = Release|x64
		{C79FE4DC-C523-4320-AAC4-3B577331E345}.Release|x64.Deploy.0 = Release|x64
		{C79FE4DC-C523-4320-AAC4-3B577331E345}.Release|x86.ActiveCfg = Release|x86
		{C79FE4DC-C523-4320-AAC4-3B577331E345}.Release|x86.Build.0 = Release|x86
		{C79FE4DC-C523-4320-AAC4-3B577331E345}.Release|x86.Deploy.0 = Release|x86
		{0D44E04D-8FDD-4C9B-9642-C2B1325DCCEF}.Debug|Any CPU.ActiveCfg = Debug|Any CPU
		{0D44E04D-8FDD-4C9B-9642-C2B1325DCCEF}.Debug|Any CPU.Build.0 = Debug|Any CPU
		{0D44E04D-8FDD-4C9B-9642-C2B1325DCCEF}.Debug|Any CPU.Deploy.0 = Debug|Any CPU
		{0D44E04D-8FDD-4C9B-9642-C2B1325DCCEF}.Debug|ARM.ActiveCfg = Debug|Any CPU
		{0D44E04D-8FDD-4C9B-9642-C2B1325DCCEF}.Debug|ARM.Build.0 = Debug|Any CPU
		{0D44E04D-8FDD-4C9B-9642-C2B1325DCCEF}.Debug|ARM.Deploy.0 = Debug|Any CPU
		{0D44E04D-8FDD-4C9B-9642-C2B1325DCCEF}.Debug|iPhone.ActiveCfg = Debug|Any CPU
		{0D44E04D-8FDD-4C9B-9642-C2B1325DCCEF}.Debug|iPhone.Build.0 = Debug|Any CPU
		{0D44E04D-8FDD-4C9B-9642-C2B1325DCCEF}.Debug|iPhone.Deploy.0 = Debug|Any CPU
		{0D44E04D-8FDD-4C9B-9642-C2B1325DCCEF}.Debug|iPhoneSimulator.ActiveCfg = Debug|Any CPU
		{0D44E04D-8FDD-4C9B-9642-C2B1325DCCEF}.Debug|iPhoneSimulator.Build.0 = Debug|Any CPU
		{0D44E04D-8FDD-4C9B-9642-C2B1325DCCEF}.Debug|iPhoneSimulator.Deploy.0 = Debug|Any CPU
		{0D44E04D-8FDD-4C9B-9642-C2B1325DCCEF}.Debug|x64.ActiveCfg = Debug|Any CPU
		{0D44E04D-8FDD-4C9B-9642-C2B1325DCCEF}.Debug|x64.Build.0 = Debug|Any CPU
		{0D44E04D-8FDD-4C9B-9642-C2B1325DCCEF}.Debug|x64.Deploy.0 = Debug|Any CPU
		{0D44E04D-8FDD-4C9B-9642-C2B1325DCCEF}.Debug|x86.ActiveCfg = Debug|Any CPU
		{0D44E04D-8FDD-4C9B-9642-C2B1325DCCEF}.Debug|x86.Build.0 = Debug|Any CPU
		{0D44E04D-8FDD-4C9B-9642-C2B1325DCCEF}.Debug|x86.Deploy.0 = Debug|Any CPU
		{0D44E04D-8FDD-4C9B-9642-C2B1325DCCEF}.Release|Any CPU.ActiveCfg = Release|Any CPU
		{0D44E04D-8FDD-4C9B-9642-C2B1325DCCEF}.Release|Any CPU.Build.0 = Release|Any CPU
		{0D44E04D-8FDD-4C9B-9642-C2B1325DCCEF}.Release|Any CPU.Deploy.0 = Release|Any CPU
		{0D44E04D-8FDD-4C9B-9642-C2B1325DCCEF}.Release|ARM.ActiveCfg = Release|Any CPU
		{0D44E04D-8FDD-4C9B-9642-C2B1325DCCEF}.Release|ARM.Build.0 = Release|Any CPU
		{0D44E04D-8FDD-4C9B-9642-C2B1325DCCEF}.Release|ARM.Deploy.0 = Release|Any CPU
		{0D44E04D-8FDD-4C9B-9642-C2B1325DCCEF}.Release|iPhone.ActiveCfg = Release|Any CPU
		{0D44E04D-8FDD-4C9B-9642-C2B1325DCCEF}.Release|iPhone.Build.0 = Release|Any CPU
		{0D44E04D-8FDD-4C9B-9642-C2B1325DCCEF}.Release|iPhone.Deploy.0 = Release|Any CPU
		{0D44E04D-8FDD-4C9B-9642-C2B1325DCCEF}.Release|iPhoneSimulator.ActiveCfg = Release|Any CPU
		{0D44E04D-8FDD-4C9B-9642-C2B1325DCCEF}.Release|iPhoneSimulator.Build.0 = Release|Any CPU
		{0D44E04D-8FDD-4C9B-9642-C2B1325DCCEF}.Release|iPhoneSimulator.Deploy.0 = Release|Any CPU
		{0D44E04D-8FDD-4C9B-9642-C2B1325DCCEF}.Release|x64.ActiveCfg = Release|Any CPU
		{0D44E04D-8FDD-4C9B-9642-C2B1325DCCEF}.Release|x64.Build.0 = Release|Any CPU
		{0D44E04D-8FDD-4C9B-9642-C2B1325DCCEF}.Release|x64.Deploy.0 = Release|Any CPU
		{0D44E04D-8FDD-4C9B-9642-C2B1325DCCEF}.Release|x86.ActiveCfg = Release|Any CPU
		{0D44E04D-8FDD-4C9B-9642-C2B1325DCCEF}.Release|x86.Build.0 = Release|Any CPU
		{0D44E04D-8FDD-4C9B-9642-C2B1325DCCEF}.Release|x86.Deploy.0 = Release|Any CPU
		{9934DFD4-B8DE-47CE-8152-76B862432CE1}.Debug|Any CPU.ActiveCfg = Debug|iPhone
		{9934DFD4-B8DE-47CE-8152-76B862432CE1}.Debug|Any CPU.Build.0 = Debug|iPhone
		{9934DFD4-B8DE-47CE-8152-76B862432CE1}.Debug|Any CPU.Deploy.0 = Debug|iPhone
		{9934DFD4-B8DE-47CE-8152-76B862432CE1}.Debug|ARM.ActiveCfg = Debug|iPhoneSimulator
		{9934DFD4-B8DE-47CE-8152-76B862432CE1}.Debug|ARM.Build.0 = Debug|iPhoneSimulator
		{9934DFD4-B8DE-47CE-8152-76B862432CE1}.Debug|ARM.Deploy.0 = Debug|iPhoneSimulator
		{9934DFD4-B8DE-47CE-8152-76B862432CE1}.Debug|iPhone.ActiveCfg = Debug|iPhone
		{9934DFD4-B8DE-47CE-8152-76B862432CE1}.Debug|iPhone.Build.0 = Debug|iPhone
		{9934DFD4-B8DE-47CE-8152-76B862432CE1}.Debug|iPhone.Deploy.0 = Debug|iPhone
		{9934DFD4-B8DE-47CE-8152-76B862432CE1}.Debug|iPhoneSimulator.ActiveCfg = Debug|iPhoneSimulator
		{9934DFD4-B8DE-47CE-8152-76B862432CE1}.Debug|iPhoneSimulator.Build.0 = Debug|iPhoneSimulator
		{9934DFD4-B8DE-47CE-8152-76B862432CE1}.Debug|iPhoneSimulator.Deploy.0 = Debug|iPhoneSimulator
		{9934DFD4-B8DE-47CE-8152-76B862432CE1}.Debug|x64.ActiveCfg = Debug|iPhone
		{9934DFD4-B8DE-47CE-8152-76B862432CE1}.Debug|x64.Build.0 = Debug|iPhone
		{9934DFD4-B8DE-47CE-8152-76B862432CE1}.Debug|x64.Deploy.0 = Debug|iPhone
		{9934DFD4-B8DE-47CE-8152-76B862432CE1}.Debug|x86.ActiveCfg = Debug|iPhone
		{9934DFD4-B8DE-47CE-8152-76B862432CE1}.Debug|x86.Build.0 = Debug|iPhone
		{9934DFD4-B8DE-47CE-8152-76B862432CE1}.Debug|x86.Deploy.0 = Debug|iPhone
		{9934DFD4-B8DE-47CE-8152-76B862432CE1}.Release|Any CPU.ActiveCfg = Release|iPhone
		{9934DFD4-B8DE-47CE-8152-76B862432CE1}.Release|Any CPU.Build.0 = Release|iPhone
		{9934DFD4-B8DE-47CE-8152-76B862432CE1}.Release|Any CPU.Deploy.0 = Release|iPhone
		{9934DFD4-B8DE-47CE-8152-76B862432CE1}.Release|ARM.ActiveCfg = Release|iPhone
		{9934DFD4-B8DE-47CE-8152-76B862432CE1}.Release|ARM.Build.0 = Release|iPhone
		{9934DFD4-B8DE-47CE-8152-76B862432CE1}.Release|ARM.Deploy.0 = Release|iPhone
		{9934DFD4-B8DE-47CE-8152-76B862432CE1}.Release|iPhone.ActiveCfg = Release|iPhone
		{9934DFD4-B8DE-47CE-8152-76B862432CE1}.Release|iPhone.Build.0 = Release|iPhone
		{9934DFD4-B8DE-47CE-8152-76B862432CE1}.Release|iPhone.Deploy.0 = Release|iPhone
		{9934DFD4-B8DE-47CE-8152-76B862432CE1}.Release|iPhoneSimulator.ActiveCfg = Release|iPhoneSimulator
		{9934DFD4-B8DE-47CE-8152-76B862432CE1}.Release|iPhoneSimulator.Build.0 = Release|iPhoneSimulator
		{9934DFD4-B8DE-47CE-8152-76B862432CE1}.Release|iPhoneSimulator.Deploy.0 = Release|iPhoneSimulator
		{9934DFD4-B8DE-47CE-8152-76B862432CE1}.Release|x64.ActiveCfg = Release|iPhone
		{9934DFD4-B8DE-47CE-8152-76B862432CE1}.Release|x64.Build.0 = Release|iPhone
		{9934DFD4-B8DE-47CE-8152-76B862432CE1}.Release|x64.Deploy.0 = Release|iPhone
		{9934DFD4-B8DE-47CE-8152-76B862432CE1}.Release|x86.ActiveCfg = Release|iPhone
		{9934DFD4-B8DE-47CE-8152-76B862432CE1}.Release|x86.Build.0 = Release|iPhone
		{9934DFD4-B8DE-47CE-8152-76B862432CE1}.Release|x86.Deploy.0 = Release|iPhone
		{9D333ACE-0248-4A43-AF09-21E1A716D64C}.Debug|Any CPU.ActiveCfg = Debug|Any CPU
		{9D333ACE-0248-4A43-AF09-21E1A716D64C}.Debug|Any CPU.Build.0 = Debug|Any CPU
		{9D333ACE-0248-4A43-AF09-21E1A716D64C}.Debug|Any CPU.Deploy.0 = Debug|Any CPU
		{9D333ACE-0248-4A43-AF09-21E1A716D64C}.Debug|ARM.ActiveCfg = Debug|Any CPU
		{9D333ACE-0248-4A43-AF09-21E1A716D64C}.Debug|ARM.Build.0 = Debug|Any CPU
		{9D333ACE-0248-4A43-AF09-21E1A716D64C}.Debug|ARM.Deploy.0 = Debug|Any CPU
		{9D333ACE-0248-4A43-AF09-21E1A716D64C}.Debug|iPhone.ActiveCfg = Debug|Any CPU
		{9D333ACE-0248-4A43-AF09-21E1A716D64C}.Debug|iPhone.Build.0 = Debug|Any CPU
		{9D333ACE-0248-4A43-AF09-21E1A716D64C}.Debug|iPhone.Deploy.0 = Debug|Any CPU
		{9D333ACE-0248-4A43-AF09-21E1A716D64C}.Debug|iPhoneSimulator.ActiveCfg = Debug|Any CPU
		{9D333ACE-0248-4A43-AF09-21E1A716D64C}.Debug|iPhoneSimulator.Build.0 = Debug|Any CPU
		{9D333ACE-0248-4A43-AF09-21E1A716D64C}.Debug|iPhoneSimulator.Deploy.0 = Debug|Any CPU
		{9D333ACE-0248-4A43-AF09-21E1A716D64C}.Debug|x64.ActiveCfg = Debug|Any CPU
		{9D333ACE-0248-4A43-AF09-21E1A716D64C}.Debug|x64.Build.0 = Debug|Any CPU
		{9D333ACE-0248-4A43-AF09-21E1A716D64C}.Debug|x64.Deploy.0 = Debug|Any CPU
		{9D333ACE-0248-4A43-AF09-21E1A716D64C}.Debug|x86.ActiveCfg = Debug|Any CPU
		{9D333ACE-0248-4A43-AF09-21E1A716D64C}.Debug|x86.Build.0 = Debug|Any CPU
		{9D333ACE-0248-4A43-AF09-21E1A716D64C}.Debug|x86.Deploy.0 = Debug|Any CPU
		{9D333ACE-0248-4A43-AF09-21E1A716D64C}.Release|Any CPU.ActiveCfg = Release|Any CPU
		{9D333ACE-0248-4A43-AF09-21E1A716D64C}.Release|Any CPU.Build.0 = Release|Any CPU
		{9D333ACE-0248-4A43-AF09-21E1A716D64C}.Release|Any CPU.Deploy.0 = Release|Any CPU
		{9D333ACE-0248-4A43-AF09-21E1A716D64C}.Release|ARM.ActiveCfg = Release|Any CPU
		{9D333ACE-0248-4A43-AF09-21E1A716D64C}.Release|ARM.Build.0 = Release|Any CPU
		{9D333ACE-0248-4A43-AF09-21E1A716D64C}.Release|ARM.Deploy.0 = Release|Any CPU
		{9D333ACE-0248-4A43-AF09-21E1A716D64C}.Release|iPhone.ActiveCfg = Release|Any CPU
		{9D333ACE-0248-4A43-AF09-21E1A716D64C}.Release|iPhone.Build.0 = Release|Any CPU
		{9D333ACE-0248-4A43-AF09-21E1A716D64C}.Release|iPhone.Deploy.0 = Release|Any CPU
		{9D333ACE-0248-4A43-AF09-21E1A716D64C}.Release|iPhoneSimulator.ActiveCfg = Release|Any CPU
		{9D333ACE-0248-4A43-AF09-21E1A716D64C}.Release|iPhoneSimulator.Build.0 = Release|Any CPU
		{9D333ACE-0248-4A43-AF09-21E1A716D64C}.Release|iPhoneSimulator.Deploy.0 = Release|Any CPU
		{9D333ACE-0248-4A43-AF09-21E1A716D64C}.Release|x64.ActiveCfg = Release|Any CPU
		{9D333ACE-0248-4A43-AF09-21E1A716D64C}.Release|x64.Build.0 = Release|Any CPU
		{9D333ACE-0248-4A43-AF09-21E1A716D64C}.Release|x64.Deploy.0 = Release|Any CPU
		{9D333ACE-0248-4A43-AF09-21E1A716D64C}.Release|x86.ActiveCfg = Release|Any CPU
		{9D333ACE-0248-4A43-AF09-21E1A716D64C}.Release|x86.Build.0 = Release|Any CPU
		{9D333ACE-0248-4A43-AF09-21E1A716D64C}.Release|x86.Deploy.0 = Release|Any CPU
	EndGlobalSection
	GlobalSection(SolutionProperties) = preSolution
		HideSolutionNode = FALSE
	EndGlobalSection
	GlobalSection(ExtensibilityGlobals) = postSolution
		SolutionGuid = {3980B4A4-9777-4C29-9633-FD3C5F0EF9AF}
	EndGlobalSection
EndGlobal
